
Microsoft Visual Studio Solution File, Format Version 12.00
# Visual Studio Version 17
VisualStudioVersion = 17.4.33213.308
MinimumVisualStudioVersion = 10.0.40219.1
Project("{FAE04EC0-301F-11D3-BF4B-00C04F79EFBC}") = "EstudoWcfService", "EstudoWcfService.csproj", "{42B14876-6852-4C45-AD63-798694287632}"
EndProject
Global
	GlobalSection(SolutionConfigurationPlatforms) = preSolution
		Debug|Any CPU = Debug|Any CPU
		Release|Any CPU = Release|Any CPU
	EndGlobalSection
	GlobalSection(ProjectConfigurationPlatforms) = postSolution
		{42B14876-6852-4C45-AD63-798694287632}.Debug|Any CPU.ActiveCfg = Debug|Any CPU
		{42B14876-6852-4C45-AD63-798694287632}.Debug|Any CPU.Build.0 = Debug|Any CPU
		{42B14876-6852-4C45-AD63-798694287632}.Release|Any CPU.ActiveCfg = Release|Any CPU
		{42B14876-6852-4C45-AD63-798694287632}.Release|Any CPU.Build.0 = Release|Any CPU
	EndGlobalSection
	GlobalSection(SolutionProperties) = preSolution
		HideSolutionNode = FALSE
	EndGlobalSection
	GlobalSection(ExtensibilityGlobals) = postSolution
		SolutionGuid = {4224E66D-F866-4707-A35F-D6B07FEA6C5C}
	EndGlobalSection
EndGlobal
